// !$*UTF8*$!
{
	archiveVersion = 1;
	classes = {
	};
	objectVersion = 46;
	objects = {

/* Begin PBXBuildFile section */
		11AE2B515484446F9B3A4A7A /* libPods-video360test.a in Frameworks */ = {isa = PBXBuildFile; fileRef = 6522D3EAC4D7E51F02063A4B /* libPods-video360test.a */; };
		810AF6071D19325E00F59295 /* demo1.mp4 in Resources */ = {isa = PBXBuildFile; fileRef = 810AF6061D19325E00F59295 /* demo1.mp4 */; };
		81D3ECB31D17F95A0000E1A5 /* main.m in Sources */ = {isa = PBXBuildFile; fileRef = 81D3ECB21D17F95A0000E1A5 /* main.m */; };
		81D3ECB61D17F95A0000E1A5 /* AppDelegate.m in Sources */ = {isa = PBXBuildFile; fileRef = 81D3ECB51D17F95A0000E1A5 /* AppDelegate.m */; };
		81D3ECB91D17F95A0000E1A5 /* ViewController.m in Sources */ = {isa = PBXBuildFile; fileRef = 81D3ECB81D17F95A0000E1A5 /* ViewController.m */; };
		81D3ECBC1D17F95A0000E1A5 /* Main.storyboard in Resources */ = {isa = PBXBuildFile; fileRef = 81D3ECBA1D17F95A0000E1A5 /* Main.storyboard */; };
		81D3ECBE1D17F95A0000E1A5 /* Assets.xcassets in Resources */ = {isa = PBXBuildFile; fileRef = 81D3ECBD1D17F95A0000E1A5 /* Assets.xcassets */; };
		81D3ECC11D17F95A0000E1A5 /* LaunchScreen.storyboard in Resources */ = {isa = PBXBuildFile; fileRef = 81D3ECBF1D17F95A0000E1A5 /* LaunchScreen.storyboard */; };
/* End PBXBuildFile section */

/* Begin PBXFileReference section */
		0A494FDDB7A61D12D66B5BC9 /* Pods-video360test.debug.xcconfig */ = {isa = PBXFileReference; includeInIndex = 1; lastKnownFileType = text.xcconfig; name = "Pods-video360test.debug.xcconfig"; path = "Pods/Target Support Files/Pods-video360test/Pods-video360test.debug.xcconfig"; sourceTree = "<group>"; };
		1A663D9FF34013F55D6EBB6E /* Pods-video360test.release.xcconfig */ = {isa = PBXFileReference; includeInIndex = 1; lastKnownFileType = text.xcconfig; name = "Pods-video360test.release.xcconfig"; path = "Pods/Target Support Files/Pods-video360test/Pods-video360test.release.xcconfig"; sourceTree = "<group>"; };
		6522D3EAC4D7E51F02063A4B /* libPods-video360test.a */ = {isa = PBXFileReference; explicitFileType = archive.ar; includeInIndex = 0; path = "libPods-video360test.a"; sourceTree = BUILT_PRODUCTS_DIR; };
		810AF6061D19325E00F59295 /* demo1.mp4 */ = {isa = PBXFileReference; lastKnownFileType = file; path = demo1.mp4; sourceTree = "<group>"; };
		81D3ECAE1D17F95A0000E1A5 /* video360test.app */ = {isa = PBXFileReference; explicitFileType = wrapper.application; includeInIndex = 0; path = video360test.app; sourceTree = BUILT_PRODUCTS_DIR; };
		81D3ECB21D17F95A0000E1A5 /* main.m */ = {isa = PBXFileReference; lastKnownFileType = sourcecode.c.objc; path = main.m; sourceTree = "<group>"; };
		81D3ECB41D17F95A0000E1A5 /* AppDelegate.h */ = {isa = PBXFileReference; lastKnownFileType = sourcecode.c.h; path = AppDelegate.h; sourceTree = "<group>"; };
		81D3ECB51D17F95A0000E1A5 /* AppDelegate.m */ = {isa = PBXFileReference; lastKnownFileType = sourcecode.c.objc; path = AppDelegate.m; sourceTree = "<group>"; };
		81D3ECB71D17F95A0000E1A5 /* ViewController.h */ = {isa = PBXFileReference; lastKnownFileType = sourcecode.c.h; path = ViewController.h; sourceTree = "<group>"; };
		81D3ECB81D17F95A0000E1A5 /* ViewController.m */ = {isa = PBXFileReference; lastKnownFileType = sourcecode.c.objc; path = ViewController.m; sourceTree = "<group>"; };
		81D3ECBB1D17F95A0000E1A5 /* Base */ = {isa = PBXFileReference; lastKnownFileType = file.storyboard; name = Base; path = Base.lproj/Main.storyboard; sourceTree = "<group>"; };
		81D3ECBD1D17F95A0000E1A5 /* Assets.xcassets */ = {isa = PBXFileReference; lastKnownFileType = folder.assetcatalog; path = Assets.xcassets; sourceTree = "<group>"; };
		81D3ECC01D17F95A0000E1A5 /* Base */ = {isa = PBXFileReference; lastKnownFileType = file.storyboard; name = Base; path = Base.lproj/LaunchScreen.storyboard; sourceTree = "<group>"; };
		81D3ECC21D17F95A0000E1A5 /* Info.plist */ = {isa = PBXFileReference; lastKnownFileType = text.plist.xml; path = Info.plist; sourceTree = "<group>"; };
		833DC800C6F6325C73B65A41 /* Pods.release.xcconfig */ = {isa = PBXFileReference; includeInIndex = 1; lastKnownFileType = text.xcconfig; name = Pods.release.xcconfig; path = "Pods/Target Support Files/Pods/Pods.release.xcconfig"; sourceTree = "<group>"; };
		C3E6B85167EFAC797BD83894 /* Pods.debug.xcconfig */ = {isa = PBXFileReference; includeInIndex = 1; lastKnownFileType = text.xcconfig; name = Pods.debug.xcconfig; path = "Pods/Target Support Files/Pods/Pods.debug.xcconfig"; sourceTree = "<group>"; };
		E04438AC4523727D4A6419BC /* libPods.a */ = {isa = PBXFileReference; explicitFileType = archive.ar; includeInIndex = 0; path = libPods.a; sourceTree = BUILT_PRODUCTS_DIR; };
/* End PBXFileReference section */

/* Begin PBXFrameworksBuildPhase section */
		81D3ECAB1D17F95A0000E1A5 /* Frameworks */ = {
			isa = PBXFrameworksBuildPhase;
			buildActionMask = 2147483647;
			files = (
				11AE2B515484446F9B3A4A7A /* libPods-video360test.a in Frameworks */,
			);
			runOnlyForDeploymentPostprocessing = 0;
		};
/* End PBXFrameworksBuildPhase section */

/* Begin PBXGroup section */
		81D3ECA51D17F95A0000E1A5 = {
			isa = PBXGroup;
			children = (
				81D3ECB01D17F95A0000E1A5 /* video360test */,
				81D3ECAF1D17F95A0000E1A5 /* Products */,
				F67C10D3B150DD5A6BEB6A9B /* Pods */,
				8CA673CB39D646B7E5F1B953 /* Frameworks */,
			);
			sourceTree = "<group>";
		};
		81D3ECAF1D17F95A0000E1A5 /* Products */ = {
			isa = PBXGroup;
			children = (
				81D3ECAE1D17F95A0000E1A5 /* video360test.app */,
			);
			name = Products;
			sourceTree = "<group>";
		};
		81D3ECB01D17F95A0000E1A5 /* video360test */ = {
			isa = PBXGroup;
			children = (
				810AF6061D19325E00F59295 /* demo1.mp4 */,
				81D3ECB41D17F95A0000E1A5 /* AppDelegate.h */,
				81D3ECB51D17F95A0000E1A5 /* AppDelegate.m */,
				81D3ECB71D17F95A0000E1A5 /* ViewController.h */,
				81D3ECB81D17F95A0000E1A5 /* ViewController.m */,
				81D3ECBA1D17F95A0000E1A5 /* Main.storyboard */,
				81D3ECBD1D17F95A0000E1A5 /* Assets.xcassets */,
				81D3ECBF1D17F95A0000E1A5 /* LaunchScreen.storyboard */,
				81D3ECC21D17F95A0000E1A5 /* Info.plist */,
				81D3ECB11D17F95A0000E1A5 /* Supporting Files */,
			);
			path = video360test;
			sourceTree = "<group>";
		};
		81D3ECB11D17F95A0000E1A5 /* Supporting Files */ = {
			isa = PBXGroup;
			children = (
				81D3ECB21D17F95A0000E1A5 /* main.m */,
			);
			name = "Supporting Files";
			sourceTree = "<group>";
		};
		8CA673CB39D646B7E5F1B953 /* Frameworks */ = {
			isa = PBXGroup;
			children = (
				E04438AC4523727D4A6419BC /* libPods.a */,
				6522D3EAC4D7E51F02063A4B /* libPods-video360test.a */,
			);
			name = Frameworks;
			sourceTree = "<group>";
		};
		F67C10D3B150DD5A6BEB6A9B /* Pods */ = {
			isa = PBXGroup;
			children = (
				C3E6B85167EFAC797BD83894 /* Pods.debug.xcconfig */,
				833DC800C6F6325C73B65A41 /* Pods.release.xcconfig */,
				0A494FDDB7A61D12D66B5BC9 /* Pods-video360test.debug.xcconfig */,
				1A663D9FF34013F55D6EBB6E /* Pods-video360test.release.xcconfig */,
			);
			name = Pods;
			sourceTree = "<group>";
		};
/* End PBXGroup section */

/* Begin PBXNativeTarget section */
		81D3ECAD1D17F95A0000E1A5 /* video360test */ = {
			isa = PBXNativeTarget;
			buildConfigurationList = 81D3ECC51D17F95A0000E1A5 /* Build configuration list for PBXNativeTarget "video360test" */;
			buildPhases = (
				A258BB13F5B0AED2B9DDC01D /* Check Pods Manifest.lock */,
				81D3ECAA1D17F95A0000E1A5 /* Sources */,
				81D3ECAB1D17F95A0000E1A5 /* Frameworks */,
				81D3ECAC1D17F95A0000E1A5 /* Resources */,
				0CA196FCA0BCE59FCE63823C /* Embed Pods Frameworks */,
				CEC336007BB8ABE8A154C33A /* Copy Pods Resources */,
			);
			buildRules = (
			);
			dependencies = (
			);
			name = video360test;
			productName = video360test;
			productReference = 81D3ECAE1D17F95A0000E1A5 /* video360test.app */;
			productType = "com.apple.product-type.application";
		};
/* End PBXNativeTarget section */

/* Begin PBXProject section */
		81D3ECA61D17F95A0000E1A5 /* Project object */ = {
			isa = PBXProject;
			attributes = {
				LastUpgradeCheck = 0730;
				ORGANIZATIONNAME = islate;
				TargetAttributes = {
					81D3ECAD1D17F95A0000E1A5 = {
						CreatedOnToolsVersion = 7.3;
					};
				};
			};
			buildConfigurationList = 81D3ECA91D17F95A0000E1A5 /* Build configuration list for PBXProject "video360test" */;
			compatibilityVersion = "Xcode 3.2";
			developmentRegion = English;
			hasScannedForEncodings = 0;
			knownRegions = (
				en,
				Base,
			);
			mainGroup = 81D3ECA51D17F95A0000E1A5;
			productRefGroup = 81D3ECAF1D17F95A0000E1A5 /* Products */;
			projectDirPath = "";
			projectRoot = "";
			targets = (
				81D3ECAD1D17F95A0000E1A5 /* video360test */,
			);
		};
/* End PBXProject section */

/* Begin PBXResourcesBuildPhase section */
		81D3ECAC1D17F95A0000E1A5 /* Resources */ = {
			isa = PBXResourcesBuildPhase;
			buildActionMask = 2147483647;
			files = (
				81D3ECC11D17F95A0000E1A5 /* LaunchScreen.storyboard in Resources */,
				81D3ECBE1D17F95A0000E1A5 /* Assets.xcassets in Resources */,
				810AF6071D19325E00F59295 /* demo1.mp4 in Resources */,
				81D3ECBC1D17F95A0000E1A5 /* Main.storyboard in Resources */,
			);
			runOnlyForDeploymentPostprocessing = 0;
		};
/* End PBXResourcesBuildPhase section */

/* Begin PBXShellScriptBuildPhase section */
		0CA196FCA0BCE59FCE63823C /* Embed Pods Frameworks */ = {
			isa = PBXShellScriptBuildPhase;
			buildActionMask = 2147483647;
			files = (
			);
			inputPaths = (
			);
			name = "Embed Pods Frameworks";
			outputPaths = (
			);
			runOnlyForDeploymentPostprocessing = 0;
			shellPath = /bin/sh;
			shellScript = "\"${SRCROOT}/Pods/Target Support Files/Pods-video360test/Pods-video360test-frameworks.sh\"\n";
			showEnvVarsInLog = 0;
		};
		A258BB13F5B0AED2B9DDC01D /* Check Pods Manifest.lock */ = {
			isa = PBXShellScriptBuildPhase;
			buildActionMask = 2147483647;
			files = (
			);
			inputPaths = (
			);
			name = "Check Pods Manifest.lock";
			outputPaths = (
			);
			runOnlyForDeploymentPostprocessing = 0;
			shellPath = /bin/sh;
			shellScript = "diff \"${PODS_ROOT}/../Podfile.lock\" \"${PODS_ROOT}/Manifest.lock\" > /dev/null\nif [[ $? != 0 ]] ; then\n    cat << EOM\nerror: The sandbox is not in sync with the Podfile.lock. Run 'pod install' or update your CocoaPods installation.\nEOM\n    exit 1\nfi\n";
			showEnvVarsInLog = 0;
		};
		CEC336007BB8ABE8A154C33A /* Copy Pods Resources */ = {
			isa = PBXShellScriptBuildPhase;
			buildActionMask = 2147483647;
			files = (
			);
			inputPaths = (
			);
			name = "Copy Pods Resources";
			outputPaths = (
			);
			runOnlyForDeploymentPostprocessing = 0;
			shellPath = /bin/sh;
			shellScript = "\"${SRCROOT}/Pods/Target Support Files/Pods-video360test/Pods-video360test-resources.sh\"\n";
			showEnvVarsInLog = 0;
		};
/* End PBXShellScriptBuildPhase section */

/* Begin PBXSourcesBuildPhase section */
		81D3ECAA1D17F95A0000E1A5 /* Sources */ = {
			isa = PBXSourcesBuildPhase;
			buildActionMask = 2147483647;
			files = (
				81D3ECB91D17F95A0000E1A5 /* ViewController.m in Sources */,
				81D3ECB61D17F95A0000E1A5 /* AppDelegate.m in Sources */,
				81D3ECB31D17F95A0000E1A5 /* main.m in Sources */,
			);
			runOnlyForDeploymentPostprocessing = 0;
		};
/* End PBXSourcesBuildPhase section */

/* Begin PBXVariantGroup section */
		81D3ECBA1D17F95A0000E1A5 /* Main.storyboard */ = {
			isa = PBXVariantGroup;
			children = (
				81D3ECBB1D17F95A0000E1A5 /* Base */,
			);
			name = Main.storyboard;
			sourceTree = "<group>";
		};
		81D3ECBF1D17F95A0000E1A5 /* LaunchScreen.storyboard */ = {
			isa = PBXVariantGroup;
			children = (
				81D3ECC01D17F95A0000E1A5 /* Base */,
			);
			name = LaunchScreen.storyboard;
			sourceTree = "<group>";
		};
/* End PBXVariantGroup section */

/* Begin XCBuildConfiguration section */
		81D3ECC31D17F95A0000E1A5 /* Debug */ = {
			isa = XCBuildConfiguration;
			buildSettings = {
				ALWAYS_SEARCH_USER_PATHS = NO;
				CLANG_ANALYZER_NONNULL = YES;
				CLANG_CXX_LANGUAGE_STANDARD = "gnu++0x";
				CLANG_CXX_LIBRARY = "libc++";
				CLANG_ENABLE_MODULES = YES;
				CLANG_ENABLE_OBJC_ARC = YES;
				CLANG_WARN_BOOL_CONVERSION = YES;
				CLANG_WARN_CONSTANT_CONVERSION = YES;
				CLANG_WARN_DIRECT_OBJC_ISA_USAGE = YES_ERROR;
				CLANG_WARN_EMPTY_BODY = YES;
				CLANG_WARN_ENUM_CONVERSION = YES;
				CLANG_WARN_INT_CONVERSION = YES;
				CLANG_WARN_OBJC_ROOT_CLASS = YES_ERROR;
				CLANG_WARN_UNREACHABLE_CODE = YES;
				CLANG_WARN__DUPLICATE_METHOD_MATCH = YES;
				"CODE_SIGN_IDENTITY[sdk=iphoneos*]" = "iPhone Developer";
				COPY_PHASE_STRIP = NO;
				DEBUG_INFORMATION_FORMAT = dwarf;
				ENABLE_STRICT_OBJC_MSGSEND = YES;
				ENABLE_TESTABILITY = YES;
				GCC_C_LANGUAGE_STANDARD = gnu99;
				GCC_DYNAMIC_NO_PIC = NO;
				GCC_NO_COMMON_BLOCKS = YES;
				GCC_OPTIMIZATION_LEVEL = 0;
				GCC_PREPROCESSOR_DEFINITIONS = (
					"DEBUG=1",
					"$(inherited)",
				);
				GCC_WARN_64_TO_32_BIT_CONVERSION = YES;
				GCC_WARN_ABOUT_RETURN_TYPE = YES_ERROR;
				GCC_WARN_UNDECLARED_SELECTOR = YES;
				GCC_WARN_UNINITIALIZED_AUTOS = YES_AGGRESSIVE;
				GCC_WARN_UNUSED_FUNCTION = YES;
				GCC_WARN_UNUSED_VARIABLE = YES;
				IPHONEOS_DEPLOYMENT_TARGET = 8.0;
				MTL_ENABLE_DEBUG_INFO = YES;
				ONLY_ACTIVE_ARCH = YES;
				SDKROOT = iphoneos;
			};
			name = Debug;
		};
		81D3ECC41D17F95A0000E1A5 /* Release */ = {
			isa = XCBuildConfiguration;
			buildSettings = {
				ALWAYS_SEARCH_USER_PATHS = NO;
				CLANG_ANALYZER_NONNULL = YES;
				CLANG_CXX_LANGUAGE_STANDARD = "gnu++0x";
				CLANG_CXX_LIBRARY = "libc++";
				CLANG_ENABLE_MODULES = YES;
				CLANG_ENABLE_OBJC_ARC = YES;
				CLANG_WARN_BOOL_CONVERSION = YES;
				CLANG_WARN_CONSTANT_CONVERSION = YES;
				CLANG_WARN_DIRECT_OBJC_ISA_USAGE = YES_ERROR;
				CLANG_WARN_EMPTY_BODY = YES;
				CLANG_WARN_ENUM_CONVERSION = YES;
				CLANG_WARN_INT_CONVERSION = YES;
				CLANG_WARN_OBJC_ROOT_CLASS = YES_ERROR;
				CLANG_WARN_UNREACHABLE_CODE = YES;
				CLANG_WARN__DUPLICATE_METHOD_MATCH = YES;
				"CODE_SIGN_IDENTITY[sdk=iphoneos*]" = "iPhone Developer";
				COPY_PHASE_STRIP = NO;
				DEBUG_INFORMATION_FORMAT = "dwarf-with-dsym";
				ENABLE_NS_ASSERTIONS = NO;
				ENABLE_STRICT_OBJC_MSGSEND = YES;
				GCC_C_LANGUAGE_STANDARD = gnu99;
				GCC_NO_COMMON_BLOCKS = YES;
				GCC_WARN_64_TO_32_BIT_CONVERSION = YES;
				GCC_WARN_ABOUT_RETURN_TYPE = YES_ERROR;
				GCC_WARN_UNDECLARED_SELECTOR = YES;
				GCC_WARN_UNINITIALIZED_AUTOS = YES_AGGRESSIVE;
				GCC_WARN_UNUSED_FUNCTION = YES;
				GCC_WARN_UNUSED_VARIABLE = YES;
				IPHONEOS_DEPLOYMENT_TARGET = 8.0;
				MTL_ENABLE_DEBUG_INFO = NO;
				SDKROOT = iphoneos;
				VALIDATE_PRODUCT = YES;
			};
			name = Release;
		};
		81D3ECC61D17F95A0000E1A5 /* Debug */ = {
			isa = XCBuildConfiguration;
			baseConfigurationReference = 0A494FDDB7A61D12D66B5BC9 /* Pods-video360test.debug.xcconfig */;
			buildSettings = {
				ASSETCATALOG_COMPILER_APPICON_NAME = AppIcon;
				INFOPLIST_FILE = video360test/Info.plist;
				LD_RUNPATH_SEARCH_PATHS = "$(inherited) @executable_path/Frameworks";
				PRODUCT_BUNDLE_IDENTIFIER = islate.video360test;
				PRODUCT_NAME = "$(TARGET_NAME)";
			};
			name = Debug;
		};
		81D3ECC71D17F95A0000E1A5 /* Release */ = {
			isa = XCBuildConfiguration;
			baseConfigurationReference = 1A663D9FF34013F55D6EBB6E /* Pods-video360test.release.xcconfig */;
			buildSettings = {
				ASSETCATALOG_COMPILER_APPICON_NAME = AppIcon;
				INFOPLIST_FILE = video360test/Info.plist;
				LD_RUNPATH_SEARCH_PATHS = "$(inherited) @executable_path/Frameworks";
				PRODUCT_BUNDLE_IDENTIFIER = islate.video360test;
				PRODUCT_NAME = "$(TARGET_NAME)";
			};
			name = Release;
		};
/* End XCBuildConfiguration section */

/* Begin XCConfigurationList section */
		81D3ECA91D17F95A0000E1A5 /* Build configuration list for PBXProject "video360test" */ = {
			isa = XCConfigurationList;
			buildConfigurations = (
				81D3ECC31D17F95A0000E1A5 /* Debug */,
				81D3ECC41D17F95A0000E1A5 /* Release */,
			);
			defaultConfigurationIsVisible = 0;
			defaultConfigurationName = Release;
		};
		81D3ECC51D17F95A0000E1A5 /* Build configuration list for PBXNativeTarget "video360test" */ = {
			isa = XCConfigurationList;
			buildConfigurations = (
				81D3ECC61D17F95A0000E1A5 /* Debug */,
				81D3ECC71D17F95A0000E1A5 /* Release */,
			);
			defaultConfigurationIsVisible = 0;
			defaultConfigurationName = Release;
		};
/* End XCConfigurationList section */
	};
	rootObject = 81D3ECA61D17F95A0000E1A5 /* Project object */;
}
